{
  "name": "@stardust-collective/dag4-network",
  "version": "0.1.0",
  "lockfileVersion": 2,
  "requires": true,
  "packages": {
    "": {
      "name": "@stardust-collective/dag4-network",
      "version": "0.1.0",
      "license": "MIT",
      "dependencies": {
        "rxjs": "^6.6.3"
      },
      "devDependencies": {
        "node-fetch": "^2.6.1"
      },
      "peerDependencies": {
        "@stardust-collective/dag4-core": "^0.1.0"
      }
    },
    "node_modules/@stardust-collective/dag4-core": {
      "version": "0.1.0",
      "resolved": "https://registry.npmjs.org/@stardust-collective/dag4-core/-/dag4-core-0.1.0.tgz",
      "integrity": "sha512-+9qJ8EDI5lGnGv1w62SDegtH+g0Uvm+QCZe9f7xdVxz9MnGKnZdt3ARbHhQ1AR6aSps44k/P6GvieN2Nvz4JKg==",
      "peer": true
    },
    "node_modules/node-fetch": {
      "version": "2.6.1",
      "resolved": "https://registry.npmjs.org/node-fetch/-/node-fetch-2.6.1.tgz",
      "integrity": "sha512-V4aYg89jEoVRxRb2fJdAg8FHvI7cEyYdVAh94HH0UIK8oJxUfkjlDQN9RbMx+bEjP7+ggMiFRprSti032Oipxw==",
      "dev": true,
      "engines": {
        "node": "4.x || >=6.0.0"
      }
    },
    "node_modules/rxjs": {
      "version": "6.6.3",
      "resolved": "https://registry.npmjs.org/rxjs/-/rxjs-6.6.3.tgz",
      "integrity": "sha512-trsQc+xYYXZ3urjOiJOuCOa5N3jAZ3eiSpQB5hIT8zGlL2QfnHLJ2r7GMkBGuIausdJN1OneaI6gQlsqNHHmZQ==",
      "dependencies": {
        "tslib": "^1.9.0"
      },
      "engines": {
        "npm": ">=2.0.0"
      }
    },
    "node_modules/tslib": {
      "version": "1.14.1",
      "resolved": "https://registry.npmjs.org/tslib/-/tslib-1.14.1.tgz",
      "integrity": "sha512-Xni35NKzjgMrwevysHTCArtLDpPvye8zV/0E4EyYn43P7/7qvQwPh9BGkHewbMulVntbigmcT7rdX3BNo9wRJg=="
    }
  },
  "dependencies": {
    "@stardust-collective/dag4-core": {
      "version": "0.1.0",
      "resolved": "https://registry.npmjs.org/@stardust-collective/dag4-core/-/dag4-core-0.1.0.tgz",
      "integrity": "sha512-+9qJ8EDI5lGnGv1w62SDegtH+g0Uvm+QCZe9f7xdVxz9MnGKnZdt3ARbHhQ1AR6aSps44k/P6GvieN2Nvz4JKg==",
      "peer": true
    },
    "node-fetch": {
      "version": "2.6.1",
      "resolved": "https://registry.npmjs.org/node-fetch/-/node-fetch-2.6.1.tgz",
      "integrity": "sha512-V4aYg89jEoVRxRb2fJdAg8FHvI7cEyYdVAh94HH0UIK8oJxUfkjlDQN9RbMx+bEjP7+ggMiFRprSti032Oipxw==",
      "dev": true
    },
    "rxjs": {
      "version": "6.6.3",
      "resolved": "https://registry.npmjs.org/rxjs/-/rxjs-6.6.3.tgz",
      "integrity": "sha512-trsQc+xYYXZ3urjOiJOuCOa5N3jAZ3eiSpQB5hIT8zGlL2QfnHLJ2r7GMkBGuIausdJN1OneaI6gQlsqNHHmZQ==",
      "requires": {
        "tslib": "^1.9.0"
      }
    },
    "tslib": {
      "version": "1.14.1",
      "resolved": "https://registry.npmjs.org/tslib/-/tslib-1.14.1.tgz",
      "integrity": "sha512-Xni35NKzjgMrwevysHTCArtLDpPvye8zV/0E4EyYn43P7/7qvQwPh9BGkHewbMulVntbigmcT7rdX3BNo9wRJg=="
    }
  }
}
