# THIS IS AN AUTOGENERATED FILE. DO NOT EDIT THIS FILE DIRECTLY.
# yarn lockfile v1


"@stardust-collective/dag4-core@^1.0.5":
  version "1.0.5"
  resolved "https://registry.yarnpkg.com/@stardust-collective/dag4-core/-/dag4-core-1.0.5.tgz#af167dd7997105eec93a1ce30641f1b341e33b1f"
  integrity sha512-fjtHmVQXnATH6R136yasGbrKJPDRfuAw8Uh8mHJVyU0kIAfBHudYDb6W23n+eorP86aycBMQXEsOk/kSX5PdAg==

node-fetch@^2.6.1:
  version "2.6.1"
  resolved "https://registry.npmjs.org/node-fetch/-/node-fetch-2.6.1.tgz"
  integrity sha512-V4aYg89jEoVRxRb2fJdAg8FHvI7cEyYdVAh94HH0UIK8oJxUfkjlDQN9RbMx+bEjP7+ggMiFRprSti032Oipxw==

rxjs@^6.6.3:
  version "6.6.3"
  resolved "https://registry.npmjs.org/rxjs/-/rxjs-6.6.3.tgz"
  integrity sha512-trsQc+xYYXZ3urjOiJOuCOa5N3jAZ3eiSpQB5hIT8zGlL2QfnHLJ2r7GMkBGuIausdJN1OneaI6gQlsqNHHmZQ==
  dependencies:
    tslib "^1.9.0"

tslib@^1.9.0:
  version "1.14.1"
  resolved "https://registry.npmjs.org/tslib/-/tslib-1.14.1.tgz"
  integrity sha512-Xni35NKzjgMrwevysHTCArtLDpPvye8zV/0E4EyYn43P7/7qvQwPh9BGkHewbMulVntbigmcT7rdX3BNo9wRJg==
