# THIS IS AN AUTOGENERATED FILE. DO NOT EDIT THIS FILE DIRECTLY.
# yarn lockfile v1


"@stardust-collective/dag4-core@^1.0.3":
  version "1.0.3"
  resolved "https://registry.yarnpkg.com/@stardust-collective/dag4-core/-/dag4-core-1.0.3.tgz#5facc1744e3532a48c4a7f8aeed3b8ce842a48e2"
  integrity sha512-/NwK8Vo9QzkrugT1nZJfQ2gxdmQ9LrmO+1k6RihCz/dqiWY5sktgVCagUYO7BCkVBdpD8lerZ0mp/6mrqDG6fg==

node-fetch@^2.6.1:
  version "2.6.1"
  resolved "https://registry.npmjs.org/node-fetch/-/node-fetch-2.6.1.tgz"
  integrity sha512-V4aYg89jEoVRxRb2fJdAg8FHvI7cEyYdVAh94HH0UIK8oJxUfkjlDQN9RbMx+bEjP7+ggMiFRprSti032Oipxw==

rxjs@^6.6.3:
  version "6.6.3"
  resolved "https://registry.npmjs.org/rxjs/-/rxjs-6.6.3.tgz"
  integrity sha512-trsQc+xYYXZ3urjOiJOuCOa5N3jAZ3eiSpQB5hIT8zGlL2QfnHLJ2r7GMkBGuIausdJN1OneaI6gQlsqNHHmZQ==
  dependencies:
    tslib "^1.9.0"

tslib@^1.9.0:
  version "1.14.1"
  resolved "https://registry.npmjs.org/tslib/-/tslib-1.14.1.tgz"
  integrity sha512-Xni35NKzjgMrwevysHTCArtLDpPvye8zV/0E4EyYn43P7/7qvQwPh9BGkHewbMulVntbigmcT7rdX3BNo9wRJg==
